Microsoft Visual Studio Solution File, Format Version 12.00
# Visual Studio Version 17
VisualStudioVersion = 17.5.2.0
MinimumVisualStudioVersion = 10.0.40219.1
Project("{FAE04EC0-301F-11D3-BF4B-00C04F79EFBC}") = "ReportService", "ReportService\ReportService.csproj", "{4CBB910E-E861-DD69-508C-ECBA62A00FE7}"
EndProject
Project("{FAE04EC0-301F-11D3-BF4B-00C04F79EFBC}") = "TrackerService", "TrackerService\TrackerService.csproj", "{361ACBA0-76E3-9612-ABA4-C4DC144F3236}"
EndProject
Global
	GlobalSection(SolutionConfigurationPlatforms) = preSolution
		Debug|Any CPU = Debug|Any CPU
		Release|Any CPU = Release|Any CPU
	EndGlobalSection
	GlobalSection(ProjectConfigurationPlatforms) = postSolution
		{4CBB910E-E861-DD69-508C-ECBA62A00FE7}.Debug|Any CPU.ActiveCfg = Debug|Any CPU
		{4CBB910E-E861-DD69-508C-ECBA62A00FE7}.Debug|Any CPU.Build.0 = Debug|Any CPU
		{4CBB910E-E861-DD69-508C-ECBA62A00FE7}.Release|Any CPU.ActiveCfg = Release|Any CPU
		{4CBB910E-E861-DD69-508C-ECBA62A00FE7}.Release|Any CPU.Build.0 = Release|Any CPU
		{361ACBA0-76E3-9612-ABA4-C4DC144F3236}.Debug|Any CPU.ActiveCfg = Debug|Any CPU
		{361ACBA0-76E3-9612-ABA4-C4DC144F3236}.Debug|Any CPU.Build.0 = Debug|Any CPU
		{361ACBA0-76E3-9612-ABA4-C4DC144F3236}.Release|Any CPU.ActiveCfg = Release|Any CPU
		{361ACBA0-76E3-9612-ABA4-C4DC144F3236}.Release|Any CPU.Build.0 = Release|Any CPU
	EndGlobalSection
	GlobalSection(SolutionProperties) = preSolution
		HideSolutionNode = FALSE
	EndGlobalSection
	GlobalSection(ExtensibilityGlobals) = postSolution
		SolutionGuid = {C508AAFD-0726-4EC5-B61D-6016FB24418D}
	EndGlobalSection
EndGlobal
