Microsoft Visual Studio Solution File, Format Version 12.00
# Visual Studio Version 17
VisualStudioVersion = 17.5.2.0
MinimumVisualStudioVersion = 10.0.40219.1
Project("{FAE04EC0-301F-11D3-BF4B-00C04F79EFBC}") = "ReportService", "ReportService.csproj", "{ED8C582E-BFDC-044B-5B6F-F0E7FAE1E3F0}"
EndProject
Global
	GlobalSection(SolutionConfigurationPlatforms) = preSolution
		Debug|Any CPU = Debug|Any CPU
		Release|Any CPU = Release|Any CPU
	EndGlobalSection
	GlobalSection(ProjectConfigurationPlatforms) = postSolution
		{ED8C582E-BFDC-044B-5B6F-F0E7FAE1E3F0}.Debug|Any CPU.ActiveCfg = Debug|Any CPU
		{ED8C582E-BFDC-044B-5B6F-F0E7FAE1E3F0}.Debug|Any CPU.Build.0 = Debug|Any CPU
		{ED8C582E-BFDC-044B-5B6F-F0E7FAE1E3F0}.Release|Any CPU.ActiveCfg = Release|Any CPU
		{ED8C582E-BFDC-044B-5B6F-F0E7FAE1E3F0}.Release|Any CPU.Build.0 = Release|Any CPU
	EndGlobalSection
	GlobalSection(SolutionProperties) = preSolution
		HideSolutionNode = FALSE
	EndGlobalSection
	GlobalSection(ExtensibilityGlobals) = postSolution
		SolutionGuid = {6FFE0B66-064A-4084-A826-1EA404B8A67C}
	EndGlobalSection
EndGlobal
